// !$*UTF8*$!
{
	archiveVersion = 1;
	classes = {
	};
	objectVersion = 55;
	objects = {

/* Begin PBXBuildFile section */
		C45F737027EA134200649865 /* ViewController2.swift in Sources */ = {isa = PBXBuildFile; fileRef = C45F736F27EA134200649865 /* ViewController2.swift */; };
		C4D9AD6C27E7C6DE004A4F0C /* AppDelegate.swift in Sources */ = {isa = PBXBuildFile; fileRef = C4D9AD6B27E7C6DE004A4F0C /* AppDelegate.swift */; };
		C4D9AD6E27E7C6DE004A4F0C /* SceneDelegate.swift in Sources */ = {isa = PBXBuildFile; fileRef = C4D9AD6D27E7C6DE004A4F0C /* SceneDelegate.swift */; };
		C4D9AD7027E7C6DE004A4F0C /* ViewController.swift in Sources */ = {isa = PBXBuildFile; fileRef = C4D9AD6F27E7C6DE004A4F0C /* ViewController.swift */; };
		C4D9AD7327E7C6DE004A4F0C /* Main.storyboard in Resources */ = {isa = PBXBuildFile; fileRef = C4D9AD7127E7C6DE004A4F0C /* Main.storyboard */; };
		C4D9AD7527E7C6DE004A4F0C /* Assets.xcassets in Resources */ = {isa = PBXBuildFile; fileRef = C4D9AD7427E7C6DE004A4F0C /* Assets.xcassets */; };
		C4D9AD7827E7C6DE004A4F0C /* LaunchScreen.storyboard in Resources */ = {isa = PBXBuildFile; fileRef = C4D9AD7627E7C6DE004A4F0C /* LaunchScreen.storyboard */; };
		C4D9AD8327E7C6DF004A4F0C /* carsListTests.swift in Sources */ = {isa = PBXBuildFile; fileRef = C4D9AD8227E7C6DF004A4F0C /* carsListTests.swift */; };
		C4D9AD8D27E7C6DF004A4F0C /* carsListUITests.swift in Sources */ = {isa = PBXBuildFile; fileRef = C4D9AD8C27E7C6DF004A4F0C /* carsListUITests.swift */; };
		C4D9AD8F27E7C6DF004A4F0C /* carsListUITestsLaunchTests.swift in Sources */ = {isa = PBXBuildFile; fileRef = C4D9AD8E27E7C6DF004A4F0C /* carsListUITestsLaunchTests.swift */; };
		C4D9ADA927E7DA11004A4F0C /* gt40.jpeg in Resources */ = {isa = PBXBuildFile; fileRef = C4D9ADA527E7DA11004A4F0C /* gt40.jpeg */; };
		C4D9ADAA27E7DA11004A4F0C /* gt40.jpeg in Resources */ = {isa = PBXBuildFile; fileRef = C4D9ADA527E7DA11004A4F0C /* gt40.jpeg */; };
		C4D9ADAB27E7DA11004A4F0C /* gt40.jpeg in Resources */ = {isa = PBXBuildFile; fileRef = C4D9ADA527E7DA11004A4F0C /* gt40.jpeg */; };
		C4D9ADAC27E7DA11004A4F0C /* porsche.jpeg in Resources */ = {isa = PBXBuildFile; fileRef = C4D9ADA627E7DA11004A4F0C /* porsche.jpeg */; };
		C4D9ADAD27E7DA11004A4F0C /* porsche.jpeg in Resources */ = {isa = PBXBuildFile; fileRef = C4D9ADA627E7DA11004A4F0C /* porsche.jpeg */; };
		C4D9ADAE27E7DA11004A4F0C /* porsche.jpeg in Resources */ = {isa = PBXBuildFile; fileRef = C4D9ADA627E7DA11004A4F0C /* porsche.jpeg */; };
		C4D9ADAF27E7DA11004A4F0C /* punto.jpeg in Resources */ = {isa = PBXBuildFile; fileRef = C4D9ADA727E7DA11004A4F0C /* punto.jpeg */; };
		C4D9ADB027E7DA11004A4F0C /* punto.jpeg in Resources */ = {isa = PBXBuildFile; fileRef = C4D9ADA727E7DA11004A4F0C /* punto.jpeg */; };
		C4D9ADB127E7DA11004A4F0C /* punto.jpeg in Resources */ = {isa = PBXBuildFile; fileRef = C4D9ADA727E7DA11004A4F0C /* punto.jpeg */; };
		C4D9ADB227E7DA11004A4F0C /* fiat500x.jpeg in Resources */ = {isa = PBXBuildFile; fileRef = C4D9ADA827E7DA11004A4F0C /* fiat500x.jpeg */; };
		C4D9ADB327E7DA11004A4F0C /* fiat500x.jpeg in Resources */ = {isa = PBXBuildFile; fileRef = C4D9ADA827E7DA11004A4F0C /* fiat500x.jpeg */; };
		C4D9ADB427E7DA11004A4F0C /* fiat500x.jpeg in Resources */ = {isa = PBXBuildFile; fileRef = C4D9ADA827E7DA11004A4F0C /* fiat500x.jpeg */; };
/* End PBXBuildFile section */

/* Begin PBXContainerItemProxy section */
		C4D9AD7F27E7C6DF004A4F0C /* PBXContainerItemProxy */ = {
			isa = PBXContainerItemProxy;
			containerPortal = C4D9AD6027E7C6DE004A4F0C /* Project object */;
			proxyType = 1;
			remoteGlobalIDString = C4D9AD6727E7C6DE004A4F0C;
			remoteInfo = carsList;
		};
		C4D9AD8927E7C6DF004A4F0C /* PBXContainerItemProxy */ = {
			isa = PBXContainerItemProxy;
			containerPortal = C4D9AD6027E7C6DE004A4F0C /* Project object */;
			proxyType = 1;
			remoteGlobalIDString = C4D9AD6727E7C6DE004A4F0C;
			remoteInfo = carsList;
		};
/* End PBXContainerItemProxy section */

/* Begin PBXFileReference section */
		C45F736F27EA134200649865 /* ViewController2.swift */ = {isa = PBXFileReference; lastKnownFileType = sourcecode.swift; path = ViewController2.swift; sourceTree = "<group>"; };
		C4D9AD6827E7C6DE004A4F0C /* carsList.app */ = {isa = PBXFileReference; explicitFileType = wrapper.application; includeInIndex = 0; path = carsList.app; sourceTree = BUILT_PRODUCTS_DIR; };
		C4D9AD6B27E7C6DE004A4F0C /* AppDelegate.swift */ = {isa = PBXFileReference; lastKnownFileType = sourcecode.swift; path = AppDelegate.swift; sourceTree = "<group>"; };
		C4D9AD6D27E7C6DE004A4F0C /* SceneDelegate.swift */ = {isa = PBXFileReference; lastKnownFileType = sourcecode.swift; path = SceneDelegate.swift; sourceTree = "<group>"; };
		C4D9AD6F27E7C6DE004A4F0C /* ViewController.swift */ = {isa = PBXFileReference; lastKnownFileType = sourcecode.swift; path = ViewController.swift; sourceTree = "<group>"; };
		C4D9AD7227E7C6DE004A4F0C /* Base */ = {isa = PBXFileReference; lastKnownFileType = file.storyboard; name = Base; path = Base.lproj/Main.storyboard; sourceTree = "<group>"; };
		C4D9AD7427E7C6DE004A4F0C /* Assets.xcassets */ = {isa = PBXFileReference; lastKnownFileType = folder.assetcatalog; path = Assets.xcassets; sourceTree = "<group>"; };
		C4D9AD7727E7C6DE004A4F0C /* Base */ = {isa = PBXFileReference; lastKnownFileType = file.storyboard; name = Base; path = Base.lproj/LaunchScreen.storyboard; sourceTree = "<group>"; };
		C4D9AD7927E7C6DE004A4F0C /* Info.plist */ = {isa = PBXFileReference; lastKnownFileType = text.plist.xml; path = Info.plist; sourceTree = "<group>"; };
		C4D9AD7E27E7C6DF004A4F0C /* carsListTests.xctest */ = {isa = PBXFileReference; explicitFileType = wrapper.cfbundle; includeInIndex = 0; path = carsListTests.xctest; sourceTree = BUILT_PRODUCTS_DIR; };
		C4D9AD8227E7C6DF004A4F0C /* carsListTests.swift */ = {isa = PBXFileReference; lastKnownFileType = sourcecode.swift; path = carsListTests.swift; sourceTree = "<group>"; };
		C4D9AD8827E7C6DF004A4F0C /* carsListUITests.xctest */ = {isa = PBXFileReference; explicitFileType = wrapper.cfbundle; includeInIndex = 0; path = carsListUITests.xctest; sourceTree = BUILT_PRODUCTS_DIR; };
		C4D9AD8C27E7C6DF004A4F0C /* carsListUITests.swift */ = {isa = PBXFileReference; lastKnownFileType = sourcecode.swift; path = carsListUITests.swift; sourceTree = "<group>"; };
		C4D9AD8E27E7C6DF004A4F0C /* carsListUITestsLaunchTests.swift */ = {isa = PBXFileReference; lastKnownFileType = sourcecode.swift; path = carsListUITestsLaunchTests.swift; sourceTree = "<group>"; };
		C4D9ADA527E7DA11004A4F0C /* gt40.jpeg */ = {isa = PBXFileReference; lastKnownFileType = image.jpeg; path = gt40.jpeg; sourceTree = "<group>"; };
		C4D9ADA627E7DA11004A4F0C /* porsche.jpeg */ = {isa = PBXFileReference; lastKnownFileType = image.jpeg; path = porsche.jpeg; sourceTree = "<group>"; };
		C4D9ADA727E7DA11004A4F0C /* punto.jpeg */ = {isa = PBXFileReference; lastKnownFileType = image.jpeg; path = punto.jpeg; sourceTree = "<group>"; };
		C4D9ADA827E7DA11004A4F0C /* fiat500x.jpeg */ = {isa = PBXFileReference; lastKnownFileType = image.jpeg; path = fiat500x.jpeg; sourceTree = "<group>"; };
/* End PBXFileReference section */

/* Begin PBXFrameworksBuildPhase section */
		C4D9AD6527E7C6DE004A4F0C /* Frameworks */ = {
			isa = PBXFrameworksBuildPhase;
			buildActionMask = 2147483647;
			files = (
			);
			runOnlyForDeploymentPostprocessing = 0;
		};
		C4D9AD7B27E7C6DF004A4F0C /* Frameworks */ = {
			isa = PBXFrameworksBuildPhase;
			buildActionMask = 2147483647;
			files = (
			);
			runOnlyForDeploymentPostprocessing = 0;
		};
		C4D9AD8527E7C6DF004A4F0C /* Frameworks */ = {
			isa = PBXFrameworksBuildPhase;
			buildActionMask = 2147483647;
			files = (
			);
			runOnlyForDeploymentPostprocessing = 0;
		};
/* End PBXFrameworksBuildPhase section */

/* Begin PBXGroup section */
		C4D9AD5F27E7C6DE004A4F0C = {
			isa = PBXGroup;
			children = (
				C4D9AD6A27E7C6DE004A4F0C /* carsList */,
				C4D9AD8127E7C6DF004A4F0C /* carsListTests */,
				C4D9AD8B27E7C6DF004A4F0C /* carsListUITests */,
				C4D9AD6927E7C6DE004A4F0C /* Products */,
			);
			sourceTree = "<group>";
		};
		C4D9AD6927E7C6DE004A4F0C /* Products */ = {
			isa = PBXGroup;
			children = (
				C4D9AD6827E7C6DE004A4F0C /* carsList.app */,
				C4D9AD7E27E7C6DF004A4F0C /* carsListTests.xctest */,
				C4D9AD8827E7C6DF004A4F0C /* carsListUITests.xctest */,
			);
			name = Products;
			sourceTree = "<group>";
		};
		C4D9AD6A27E7C6DE004A4F0C /* carsList */ = {
			isa = PBXGroup;
			children = (
				C4D9AD6B27E7C6DE004A4F0C /* AppDelegate.swift */,
				C4D9AD6D27E7C6DE004A4F0C /* SceneDelegate.swift */,
				C4D9AD6F27E7C6DE004A4F0C /* ViewController.swift */,
				C4D9AD7127E7C6DE004A4F0C /* Main.storyboard */,
				C4D9AD7427E7C6DE004A4F0C /* Assets.xcassets */,
				C4D9AD7627E7C6DE004A4F0C /* LaunchScreen.storyboard */,
				C4D9AD7927E7C6DE004A4F0C /* Info.plist */,
				C45F736F27EA134200649865 /* ViewController2.swift */,
			);
			path = carsList;
			sourceTree = "<group>";
		};
		C4D9AD8127E7C6DF004A4F0C /* carsListTests */ = {
			isa = PBXGroup;
			children = (
				C4D9AD8227E7C6DF004A4F0C /* carsListTests.swift */,
			);
			path = carsListTests;
			sourceTree = "<group>";
		};
		C4D9AD8B27E7C6DF004A4F0C /* carsListUITests */ = {
			isa = PBXGroup;
			children = (
				C4D9AD8C27E7C6DF004A4F0C /* carsListUITests.swift */,
				C4D9AD8E27E7C6DF004A4F0C /* carsListUITestsLaunchTests.swift */,
				C4D9ADA827E7DA11004A4F0C /* fiat500x.jpeg */,
				C4D9ADA527E7DA11004A4F0C /* gt40.jpeg */,
				C4D9ADA627E7DA11004A4F0C /* porsche.jpeg */,
				C4D9ADA727E7DA11004A4F0C /* punto.jpeg */,
			);
			path = carsListUITests;
			sourceTree = "<group>";
		};
/* End PBXGroup section */

/* Begin PBXNativeTarget section */
		C4D9AD6727E7C6DE004A4F0C /* carsList */ = {
			isa = PBXNativeTarget;
			buildConfigurationList = C4D9AD9227E7C6DF004A4F0C /* Build configuration list for PBXNativeTarget "carsList" */;
			buildPhases = (
				C4D9AD6427E7C6DE004A4F0C /* Sources */,
				C4D9AD6527E7C6DE004A4F0C /* Frameworks */,
				C4D9AD6627E7C6DE004A4F0C /* Resources */,
			);
			buildRules = (
			);
			dependencies = (
			);
			name = carsList;
			productName = carsList;
			productReference = C4D9AD6827E7C6DE004A4F0C /* carsList.app */;
			productType = "com.apple.product-type.application";
		};
		C4D9AD7D27E7C6DF004A4F0C /* carsListTests */ = {
			isa = PBXNativeTarget;
			buildConfigurationList = C4D9AD9527E7C6DF004A4F0C /* Build configuration list for PBXNativeTarget "carsListTests" */;
			buildPhases = (
				C4D9AD7A27E7C6DF004A4F0C /* Sources */,
				C4D9AD7B27E7C6DF004A4F0C /* Frameworks */,
				C4D9AD7C27E7C6DF004A4F0C /* Resources */,
			);
			buildRules = (
			);
			dependencies = (
				C4D9AD8027E7C6DF004A4F0C /* PBXTargetDependency */,
			);
			name = carsListTests;
			productName = carsListTests;
			productReference = C4D9AD7E27E7C6DF004A4F0C /* carsListTests.xctest */;
			productType = "com.apple.product-type.bundle.unit-test";
		};
		C4D9AD8727E7C6DF004A4F0C /* carsListUITests */ = {
			isa = PBXNativeTarget;
			buildConfigurationList = C4D9AD9827E7C6DF004A4F0C /* Build configuration list for PBXNativeTarget "carsListUITests" */;
			buildPhases = (
				C4D9AD8427E7C6DF004A4F0C /* Sources */,
				C4D9AD8527E7C6DF004A4F0C /* Frameworks */,
				C4D9AD8627E7C6DF004A4F0C /* Resources */,
			);
			buildRules = (
			);
			dependencies = (
				C4D9AD8A27E7C6DF004A4F0C /* PBXTargetDependency */,
			);
			name = carsListUITests;
			productName = carsListUITests;
			productReference = C4D9AD8827E7C6DF004A4F0C /* carsListUITests.xctest */;
			productType = "com.apple.product-type.bundle.ui-testing";
		};
/* End PBXNativeTarget section */

/* Begin PBXProject section */
		C4D9AD6027E7C6DE004A4F0C /* Project object */ = {
			isa = PBXProject;
			attributes = {
				BuildIndependentTargetsInParallel = 1;
				LastSwiftUpdateCheck = 1320;
				LastUpgradeCheck = 1320;
				TargetAttributes = {
					C4D9AD6727E7C6DE004A4F0C = {
						CreatedOnToolsVersion = 13.2.1;
					};
					C4D9AD7D27E7C6DF004A4F0C = {
						CreatedOnToolsVersion = 13.2.1;
						TestTargetID = C4D9AD6727E7C6DE004A4F0C;
					};
					C4D9AD8727E7C6DF004A4F0C = {
						CreatedOnToolsVersion = 13.2.1;
						TestTargetID = C4D9AD6727E7C6DE004A4F0C;
					};
				};
			};
			buildConfigurationList = C4D9AD6327E7C6DE004A4F0C /* Build configuration list for PBXProject "carsList" */;
			compatibilityVersion = "Xcode 13.0";
			developmentRegion = en;
			hasScannedForEncodings = 0;
			knownRegions = (
				en,
				Base,
			);
			mainGroup = C4D9AD5F27E7C6DE004A4F0C;
			productRefGroup = C4D9AD6927E7C6DE004A4F0C /* Products */;
			projectDirPath = "";
			projectRoot = "";
			targets = (
				C4D9AD6727E7C6DE004A4F0C /* carsList */,
				C4D9AD7D27E7C6DF004A4F0C /* carsListTests */,
				C4D9AD8727E7C6DF004A4F0C /* carsListUITests */,
			);
		};
/* End PBXProject section */

/* Begin PBXResourcesBuildPhase section */
		C4D9AD6627E7C6DE004A4F0C /* Resources */ = {
			isa = PBXResourcesBuildPhase;
			buildActionMask = 2147483647;
			files = (
				C4D9ADA927E7DA11004A4F0C /* gt40.jpeg in Resources */,
				C4D9ADAC27E7DA11004A4F0C /* porsche.jpeg in Resources */,
				C4D9AD7827E7C6DE004A4F0C /* LaunchScreen.storyboard in Resources */,
				C4D9ADB227E7DA11004A4F0C /* fiat500x.jpeg in Resources */,
				C4D9AD7527E7C6DE004A4F0C /* Assets.xcassets in Resources */,
				C4D9ADAF27E7DA11004A4F0C /* punto.jpeg in Resources */,
				C4D9AD7327E7C6DE004A4F0C /* Main.storyboard in Resources */,
			);
			runOnlyForDeploymentPostprocessing = 0;
		};
		C4D9AD7C27E7C6DF004A4F0C /* Resources */ = {
			isa = PBXResourcesBuildPhase;
			buildActionMask = 2147483647;
			files = (
				C4D9ADAD27E7DA11004A4F0C /* porsche.jpeg in Resources */,
				C4D9ADB027E7DA11004A4F0C /* punto.jpeg in Resources */,
				C4D9ADB327E7DA11004A4F0C /* fiat500x.jpeg in Resources */,
				C4D9ADAA27E7DA11004A4F0C /* gt40.jpeg in Resources */,
			);
			runOnlyForDeploymentPostprocessing = 0;
		};
		C4D9AD8627E7C6DF004A4F0C /* Resources */ = {
			isa = PBXResourcesBuildPhase;
			buildActionMask = 2147483647;
			files = (
				C4D9ADAE27E7DA11004A4F0C /* porsche.jpeg in Resources */,
				C4D9ADB127E7DA11004A4F0C /* punto.jpeg in Resources */,
				C4D9ADB427E7DA11004A4F0C /* fiat500x.jpeg in Resources */,
				C4D9ADAB27E7DA11004A4F0C /* gt40.jpeg in Resources */,
			);
			runOnlyForDeploymentPostprocessing = 0;
		};
/* End PBXResourcesBuildPhase section */

/* Begin PBXSourcesBuildPhase section */
		C4D9AD6427E7C6DE004A4F0C /* Sources */ = {
			isa = PBXSourcesBuildPhase;
			buildActionMask = 2147483647;
			files = (
				C4D9AD7027E7C6DE004A4F0C /* ViewController.swift in Sources */,
				C45F737027EA134200649865 /* ViewController2.swift in Sources */,
				C4D9AD6C27E7C6DE004A4F0C /* AppDelegate.swift in Sources */,
				C4D9AD6E27E7C6DE004A4F0C /* SceneDelegate.swift in Sources */,
			);
			runOnlyForDeploymentPostprocessing = 0;
		};
		C4D9AD7A27E7C6DF004A4F0C /* Sources */ = {
			isa = PBXSourcesBuildPhase;
			buildActionMask = 2147483647;
			files = (
				C4D9AD8327E7C6DF004A4F0C /* carsListTests.swift in Sources */,
			);
			runOnlyForDeploymentPostprocessing = 0;
		};
		C4D9AD8427E7C6DF004A4F0C /* Sources */ = {
			isa = PBXSourcesBuildPhase;
			buildActionMask = 2147483647;
			files = (
				C4D9AD8F27E7C6DF004A4F0C /* carsListUITestsLaunchTests.swift in Sources */,
				C4D9AD8D27E7C6DF004A4F0C /* carsListUITests.swift in Sources */,
			);
			runOnlyForDeploymentPostprocessing = 0;
		};
/* End PBXSourcesBuildPhase section */

/* Begin PBXTargetDependency section */
		C4D9AD8027E7C6DF004A4F0C /* PBXTargetDependency */ = {
			isa = PBXTargetDependency;
			target = C4D9AD6727E7C6DE004A4F0C /* carsList */;
			targetProxy = C4D9AD7F27E7C6DF004A4F0C /* PBXContainerItemProxy */;
		};
		C4D9AD8A27E7C6DF004A4F0C /* PBXTargetDependency */ = {
			isa = PBXTargetDependency;
			target = C4D9AD6727E7C6DE004A4F0C /* carsList */;
			targetProxy = C4D9AD8927E7C6DF004A4F0C /* PBXContainerItemProxy */;
		};
/* End PBXTargetDependency section */

/* Begin PBXVariantGroup section */
		C4D9AD7127E7C6DE004A4F0C /* Main.storyboard */ = {
			isa = PBXVariantGroup;
			children = (
				C4D9AD7227E7C6DE004A4F0C /* Base */,
			);
			name = Main.storyboard;
			sourceTree = "<group>";
		};
		C4D9AD7627E7C6DE004A4F0C /* LaunchScreen.storyboard */ = {
			isa = PBXVariantGroup;
			children = (
				C4D9AD7727E7C6DE004A4F0C /* Base */,
			);
			name = LaunchScreen.storyboard;
			sourceTree = "<group>";
		};
/* End PBXVariantGroup section */

/* Begin XCBuildConfiguration section */
		C4D9AD9027E7C6DF004A4F0C /* Debug */ = {
			isa = XCBuildConfiguration;
			buildSettings = {
				ALWAYS_SEARCH_USER_PATHS = NO;
				CLANG_ANALYZER_NONNULL = YES;
				CLANG_ANALYZER_NUMBER_OBJECT_CONVERSION = YES_AGGRESSIVE;
				CLANG_CXX_LANGUAGE_STANDARD = "gnu++17";
				CLANG_CXX_LIBRARY = "libc++";
				CLANG_ENABLE_MODULES = YES;
				CLANG_ENABLE_OBJC_ARC = YES;
				CLANG_ENABLE_OBJC_WEAK = YES;
				CLANG_WARN_BLOCK_CAPTURE_AUTORELEASING = YES;
				CLANG_WARN_BOOL_CONVERSION = YES;
				CLANG_WARN_COMMA = YES;
				CLANG_WARN_CONSTANT_CONVERSION = YES;
				CLANG_WARN_DEPRECATED_OBJC_IMPLEMENTATIONS = YES;
				CLANG_WARN_DIRECT_OBJC_ISA_USAGE = YES_ERROR;
				CLANG_WARN_DOCUMENTATION_COMMENTS = YES;
				CLANG_WARN_EMPTY_BODY = YES;
				CLANG_WARN_ENUM_CONVERSION = YES;
				CLANG_WARN_INFINITE_RECURSION = YES;
				CLANG_WARN_INT_CONVERSION = YES;
				CLANG_WARN_NON_LITERAL_NULL_CONVERSION = YES;
				CLANG_WARN_OBJC_IMPLICIT_RETAIN_SELF = YES;
				CLANG_WARN_OBJC_LITERAL_CONVERSION = YES;
				CLANG_WARN_OBJC_ROOT_CLASS = YES_ERROR;
				CLANG_WARN_QUOTED_INCLUDE_IN_FRAMEWORK_HEADER = YES;
				CLANG_WARN_RANGE_LOOP_ANALYSIS = YES;
				CLANG_WARN_STRICT_PROTOTYPES = YES;
				CLANG_WARN_SUSPICIOUS_MOVE = YES;
				CLANG_WARN_UNGUARDED_AVAILABILITY = YES_AGGRESSIVE;
				CLANG_WARN_UNREACHABLE_CODE = YES;
				CLANG_WARN__DUPLICATE_METHOD_MATCH = YES;
				COPY_PHASE_STRIP = NO;
				DEBUG_INFORMATION_FORMAT = dwarf;
				ENABLE_STRICT_OBJC_MSGSEND = YES;
				ENABLE_TESTABILITY = YES;
				GCC_C_LANGUAGE_STANDARD = gnu11;
				GCC_DYNAMIC_NO_PIC = NO;
				GCC_NO_COMMON_BLOCKS = YES;
				GCC_OPTIMIZATION_LEVEL = 0;
				GCC_PREPROCESSOR_DEFINITIONS = (
					"DEBUG=1",
					"$(inherited)",
				);
				GCC_WARN_64_TO_32_BIT_CONVERSION = YES;
				GCC_WARN_ABOUT_RETURN_TYPE = YES_ERROR;
				GCC_WARN_UNDECLARED_SELECTOR = YES;
				GCC_WARN_UNINITIALIZED_AUTOS = YES_AGGRESSIVE;
				GCC_WARN_UNUSED_FUNCTION = YES;
				GCC_WARN_UNUSED_VARIABLE = YES;
				IPHONEOS_DEPLOYMENT_TARGET = 15.2;
				MTL_ENABLE_DEBUG_INFO = INCLUDE_SOURCE;
				MTL_FAST_MATH = YES;
				ONLY_ACTIVE_ARCH = YES;
				SDKROOT = iphoneos;
				SWIFT_ACTIVE_COMPILATION_CONDITIONS = DEBUG;
				SWIFT_OPTIMIZATION_LEVEL = "-Onone";
			};
			name = Debug;
		};
		C4D9AD9127E7C6DF004A4F0C /* Release */ = {
			isa = XCBuildConfiguration;
			buildSettings = {
				ALWAYS_SEARCH_USER_PATHS = NO;
				CLANG_ANALYZER_NONNULL = YES;
				CLANG_ANALYZER_NUMBER_OBJECT_CONVERSION = YES_AGGRESSIVE;
				CLANG_CXX_LANGUAGE_STANDARD = "gnu++17";
				CLANG_CXX_LIBRARY = "libc++";
				CLANG_ENABLE_MODULES = YES;
				CLANG_ENABLE_OBJC_ARC = YES;
				CLANG_ENABLE_OBJC_WEAK = YES;
				CLANG_WARN_BLOCK_CAPTURE_AUTORELEASING = YES;
				CLANG_WARN_BOOL_CONVERSION = YES;
				CLANG_WARN_COMMA = YES;
				CLANG_WARN_CONSTANT_CONVERSION = YES;
				CLANG_WARN_DEPRECATED_OBJC_IMPLEMENTATIONS = YES;
				CLANG_WARN_DIRECT_OBJC_ISA_USAGE = YES_ERROR;
				CLANG_WARN_DOCUMENTATION_COMMENTS = YES;
				CLANG_WARN_EMPTY_BODY = YES;
				CLANG_WARN_ENUM_CONVERSION = YES;
				CLANG_WARN_INFINITE_RECURSION = YES;
				CLANG_WARN_INT_CONVERSION = YES;
				CLANG_WARN_NON_LITERAL_NULL_CONVERSION = YES;
				CLANG_WARN_OBJC_IMPLICIT_RETAIN_SELF = YES;
				CLANG_WARN_OBJC_LITERAL_CONVERSION = YES;
				CLANG_WARN_OBJC_ROOT_CLASS = YES_ERROR;
				CLANG_WARN_QUOTED_INCLUDE_IN_FRAMEWORK_HEADER = YES;
				CLANG_WARN_RANGE_LOOP_ANALYSIS = YES;
				CLANG_WARN_STRICT_PROTOTYPES = YES;
				CLANG_WARN_SUSPICIOUS_MOVE = YES;
				CLANG_WARN_UNGUARDED_AVAILABILITY = YES_AGGRESSIVE;
				CLANG_WARN_UNREACHABLE_CODE = YES;
				CLANG_WARN__DUPLICATE_METHOD_MATCH = YES;
				COPY_PHASE_STRIP = NO;
				DEBUG_INFORMATION_FORMAT = "dwarf-with-dsym";
				ENABLE_NS_ASSERTIONS = NO;
				ENABLE_STRICT_OBJC_MSGSEND = YES;
				GCC_C_LANGUAGE_STANDARD = gnu11;
				GCC_NO_COMMON_BLOCKS = YES;
				GCC_WARN_64_TO_32_BIT_CONVERSION = YES;
				GCC_WARN_ABOUT_RETURN_TYPE = YES_ERROR;
				GCC_WARN_UNDECLARED_SELECTOR = YES;
				GCC_WARN_UNINITIALIZED_AUTOS = YES_AGGRESSIVE;
				GCC_WARN_UNUSED_FUNCTION = YES;
				GCC_WARN_UNUSED_VARIABLE = YES;
				IPHONEOS_DEPLOYMENT_TARGET = 15.2;
				MTL_ENABLE_DEBUG_INFO = NO;
				MTL_FAST_MATH = YES;
				SDKROOT = iphoneos;
				SWIFT_COMPILATION_MODE = wholemodule;
				SWIFT_OPTIMIZATION_LEVEL = "-O";
				VALIDATE_PRODUCT = YES;
			};
			name = Release;
		};
		C4D9AD9327E7C6DF004A4F0C /* Debug */ = {
			isa = XCBuildConfiguration;
			buildSettings = {
				ASSETCATALOG_COMPILER_APPICON_NAME = AppIcon;
				ASSETCATALOG_COMPILER_GLOBAL_ACCENT_COLOR_NAME = AccentColor;
				CODE_SIGN_STYLE = Automatic;
				CURRENT_PROJECT_VERSION = 1;
				DEVELOPMENT_TEAM = PSBGPNU5U5;
				GENERATE_INFOPLIST_FILE = YES;
				INFOPLIST_FILE = carsList/Info.plist;
				INFOPLIST_KEY_UIApplicationSupportsIndirectInputEvents = YES;
				INFOPLIST_KEY_UILaunchStoryboardName = LaunchScreen;
				INFOPLIST_KEY_UIMainStoryboardFile = Main;
				INFOPLIST_KEY_UISupportedInterfaceOrientations_iPad = "UIInterfaceOrientationPortrait UIInterfaceOrientationPortraitUpsideDown UIInterfaceOrientationLandscapeLeft UIInterfaceOrientationLandscapeRight";
				INFOPLIST_KEY_UISupportedInterfaceOrientations_iPhone = "UIInterfaceOrientationPortrait UIInterfaceOrientationLandscapeLeft UIInterfaceOrientationLandscapeRight";
				LD_RUNPATH_SEARCH_PATHS = (
					"$(inherited)",
					"@executable_path/Frameworks",
				);
				MARKETING_VERSION = 1.0;
				PRODUCT_BUNDLE_IDENTIFIER = com.ahmert.carsList;
				PRODUCT_NAME = "$(TARGET_NAME)";
				SWIFT_EMIT_LOC_STRINGS = YES;
				SWIFT_VERSION = 5.0;
				TARGETED_DEVICE_FAMILY = "1,2";
			};
			name = Debug;
		};
		C4D9AD9427E7C6DF004A4F0C /* Release */ = {
			isa = XCBuildConfiguration;
			buildSettings = {
				ASSETCATALOG_COMPILER_APPICON_NAME = AppIcon;
				ASSETCATALOG_COMPILER_GLOBAL_ACCENT_COLOR_NAME = AccentColor;
				CODE_SIGN_STYLE = Automatic;
				CURRENT_PROJECT_VERSION = 1;
				DEVELOPMENT_TEAM = PSBGPNU5U5;
				GENERATE_INFOPLIST_FILE = YES;
				INFOPLIST_FILE = carsList/Info.plist;
				INFOPLIST_KEY_UIApplicationSupportsIndirectInputEvents = YES;
				INFOPLIST_KEY_UILaunchStoryboardName = LaunchScreen;
				INFOPLIST_KEY_UIMainStoryboardFile = Main;
				INFOPLIST_KEY_UISupportedInterfaceOrientations_iPad = "UIInterfaceOrientationPortrait UIInterfaceOrientationPortraitUpsideDown UIInterfaceOrientationLandscapeLeft UIInterfaceOrientationLandscapeRight";
				INFOPLIST_KEY_UISupportedInterfaceOrientations_iPhone = "UIInterfaceOrientationPortrait UIInterfaceOrientationLandscapeLeft UIInterfaceOrientationLandscapeRight";
				LD_RUNPATH_SEARCH_PATHS = (
					"$(inherited)",
					"@executable_path/Frameworks",
				);
				MARKETING_VERSION = 1.0;
				PRODUCT_BUNDLE_IDENTIFIER = com.ahmert.carsList;
				PRODUCT_NAME = "$(TARGET_NAME)";
				SWIFT_EMIT_LOC_STRINGS = YES;
				SWIFT_VERSION = 5.0;
				TARGETED_DEVICE_FAMILY = "1,2";
			};
			name = Release;
		};
		C4D9AD9627E7C6DF004A4F0C /* Debug */ = {
			isa = XCBuildConfiguration;
			buildSettings = {
				ALWAYS_EMBED_SWIFT_STANDARD_LIBRARIES = YES;
				BUNDLE_LOADER = "$(TEST_HOST)";
				CODE_SIGN_STYLE = Automatic;
				CURRENT_PROJECT_VERSION = 1;
				DEVELOPMENT_TEAM = PSBGPNU5U5;
				GENERATE_INFOPLIST_FILE = YES;
				IPHONEOS_DEPLOYMENT_TARGET = 15.2;
				MARKETING_VERSION = 1.0;
				PRODUCT_BUNDLE_IDENTIFIER = com.ahmert.carsListTests;
				PRODUCT_NAME = "$(TARGET_NAME)";
				SWIFT_EMIT_LOC_STRINGS = NO;
				SWIFT_VERSION = 5.0;
				TARGETED_DEVICE_FAMILY = "1,2";
				TEST_HOST = "$(BUILT_PRODUCTS_DIR)/carsList.app/carsList";
			};
			name = Debug;
		};
		C4D9AD9727E7C6DF004A4F0C /* Release */ = {
			isa = XCBuildConfiguration;
			buildSettings = {
				ALWAYS_EMBED_SWIFT_STANDARD_LIBRARIES = YES;
				BUNDLE_LOADER = "$(TEST_HOST)";
				CODE_SIGN_STYLE = Automatic;
				CURRENT_PROJECT_VERSION = 1;
				DEVELOPMENT_TEAM = PSBGPNU5U5;
				GENERATE_INFOPLIST_FILE = YES;
				IPHONEOS_DEPLOYMENT_TARGET = 15.2;
				MARKETING_VERSION = 1.0;
				PRODUCT_BUNDLE_IDENTIFIER = com.ahmert.carsListTests;
				PRODUCT_NAME = "$(TARGET_NAME)";
				SWIFT_EMIT_LOC_STRINGS = NO;
				SWIFT_VERSION = 5.0;
				TARGETED_DEVICE_FAMILY = "1,2";
				TEST_HOST = "$(BUILT_PRODUCTS_DIR)/carsList.app/carsList";
			};
			name = Release;
		};
		C4D9AD9927E7C6DF004A4F0C /* Debug */ = {
			isa = XCBuildConfiguration;
			buildSettings = {
				ALWAYS_EMBED_SWIFT_STANDARD_LIBRARIES = YES;
				CODE_SIGN_STYLE = Automatic;
				CURRENT_PROJECT_VERSION = 1;
				DEVELOPMENT_TEAM = PSBGPNU5U5;
				GENERATE_INFOPLIST_FILE = YES;
				MARKETING_VERSION = 1.0;
				PRODUCT_BUNDLE_IDENTIFIER = com.ahmert.carsListUITests;
				PRODUCT_NAME = "$(TARGET_NAME)";
				SWIFT_EMIT_LOC_STRINGS = NO;
				SWIFT_VERSION = 5.0;
				TARGETED_DEVICE_FAMILY = "1,2";
				TEST_TARGET_NAME = carsList;
			};
			name = Debug;
		};
		C4D9AD9A27E7C6DF004A4F0C /* Release */ = {
			isa = XCBuildConfiguration;
			buildSettings = {
				ALWAYS_EMBED_SWIFT_STANDARD_LIBRARIES = YES;
				CODE_SIGN_STYLE = Automatic;
				CURRENT_PROJECT_VERSION = 1;
				DEVELOPMENT_TEAM = PSBGPNU5U5;
				GENERATE_INFOPLIST_FILE = YES;
				MARKETING_VERSION = 1.0;
				PRODUCT_BUNDLE_IDENTIFIER = com.ahmert.carsListUITests;
				PRODUCT_NAME = "$(TARGET_NAME)";
				SWIFT_EMIT_LOC_STRINGS = NO;
				SWIFT_VERSION = 5.0;
				TARGETED_DEVICE_FAMILY = "1,2";
				TEST_TARGET_NAME = carsList;
			};
			name = Release;
		};
/* End XCBuildConfiguration section */

/* Begin XCConfigurationList section */
		C4D9AD6327E7C6DE004A4F0C /* Build configuration list for PBXProject "carsList" */ = {
			isa = XCConfigurationList;
			buildConfigurations = (
				C4D9AD9027E7C6DF004A4F0C /* Debug */,
				C4D9AD9127E7C6DF004A4F0C /* Release */,
			);
			defaultConfigurationIsVisible = 0;
			defaultConfigurationName = Release;
		};
		C4D9AD9227E7C6DF004A4F0C /* Build configuration list for PBXNativeTarget "carsList" */ = {
			isa = XCConfigurationList;
			buildConfigurations = (
				C4D9AD9327E7C6DF004A4F0C /* Debug */,
				C4D9AD9427E7C6DF004A4F0C /* Release */,
			);
			defaultConfigurationIsVisible = 0;
			defaultConfigurationName = Release;
		};
		C4D9AD9527E7C6DF004A4F0C /* Build configuration list for PBXNativeTarget "carsListTests" */ = {
			isa = XCConfigurationList;
			buildConfigurations = (
				C4D9AD9627E7C6DF004A4F0C /* Debug */,
				C4D9AD9727E7C6DF004A4F0C /* Release */,
			);
			defaultConfigurationIsVisible = 0;
			defaultConfigurationName = Release;
		};
		C4D9AD9827E7C6DF004A4F0C /* Build configuration list for PBXNativeTarget "carsListUITests" */ = {
			isa = XCConfigurationList;
			buildConfigurations = (
				C4D9AD9927E7C6DF004A4F0C /* Debug */,
				C4D9AD9A27E7C6DF004A4F0C /* Release */,
			);
			defaultConfigurationIsVisible = 0;
			defaultConfigurationName = Release;
		};
/* End XCConfigurationList section */
	};
	rootObject = C4D9AD6027E7C6DE004A4F0C /* Project object */;
}
